
Microsoft Visual Studio Solution File, Format Version 12.00
# Visual Studio 15
VisualStudioVersion = 15.0.27130.2027
MinimumVisualStudioVersion = 10.0.40219.1
Project("{9A19103F-16F7-4668-BE54-9A1E7A4F7556}") = "FooApi", "FooApi\FooApi.csproj", "{B6308A12-C556-4A53-9F94-AB43424D2EB7}"
EndProject
Project("{9A19103F-16F7-4668-BE54-9A1E7A4F7556}") = "Host", "Host\Host.csproj", "{1B7B0FF8-C0AE-4482-80E3-B9E190440E92}"
EndProject
Project("{FAE04EC0-301F-11D3-BF4B-00C04F79EFBC}") = "FunctionalTests", "FunctionalTests\FunctionalTests.csproj", "{4CF7F430-B5E9-46BA-8802-37D3AF425BF2}"
EndProject
Global
	GlobalSection(SolutionConfigurationPlatforms) = preSolution
		Debug|Any CPU = Debug|Any CPU
		Release|Any CPU = Release|Any CPU
	EndGlobalSection
	GlobalSection(ProjectConfigurationPlatforms) = postSolution
		{B6308A12-C556-4A53-9F94-AB43424D2EB7}.Debug|Any CPU.ActiveCfg = Debug|Any CPU
		{B6308A12-C556-4A53-9F94-AB43424D2EB7}.Debug|Any CPU.Build.0 = Debug|Any CPU
		{B6308A12-C556-4A53-9F94-AB43424D2EB7}.Release|Any CPU.ActiveCfg = Release|Any CPU
		{B6308A12-C556-4A53-9F94-AB43424D2EB7}.Release|Any CPU.Build.0 = Release|Any CPU
		{1B7B0FF8-C0AE-4482-80E3-B9E190440E92}.Debug|Any CPU.ActiveCfg = Debug|Any CPU
		{1B7B0FF8-C0AE-4482-80E3-B9E190440E92}.Debug|Any CPU.Build.0 = Debug|Any CPU
		{1B7B0FF8-C0AE-4482-80E3-B9E190440E92}.Release|Any CPU.ActiveCfg = Release|Any CPU
		{1B7B0FF8-C0AE-4482-80E3-B9E190440E92}.Release|Any CPU.Build.0 = Release|Any CPU
		{4CF7F430-B5E9-46BA-8802-37D3AF425BF2}.Debug|Any CPU.ActiveCfg = Debug|Any CPU
		{4CF7F430-B5E9-46BA-8802-37D3AF425BF2}.Debug|Any CPU.Build.0 = Debug|Any CPU
		{4CF7F430-B5E9-46BA-8802-37D3AF425BF2}.Release|Any CPU.ActiveCfg = Release|Any CPU
		{4CF7F430-B5E9-46BA-8802-37D3AF425BF2}.Release|Any CPU.Build.0 = Release|Any CPU
	EndGlobalSection
	GlobalSection(SolutionProperties) = preSolution
		HideSolutionNode = FALSE
	EndGlobalSection
	GlobalSection(ExtensibilityGlobals) = postSolution
		SolutionGuid = {2C32CA1E-766F-4927-B9CB-DFC7ECE759D1}
	EndGlobalSection
EndGlobal
